
Microsoft Visual Studio Solution File, Format Version 12.00
# Visual Studio Version 17
VisualStudioVersion = 17.9.34728.123
MinimumVisualStudioVersion = 10.0.40219.1
Project("{FAE04EC0-301F-11D3-BF4B-00C04F79EFBC}") = "Week14AssignmentHW", "Week14AssignmentHW.csproj", "{B2F91A36-7520-4A26-9510-C8FA7F7B72CC}"
EndProject
Global
	GlobalSection(SolutionConfigurationPlatforms) = preSolution
		Debug|Any CPU = Debug|Any CPU
		Release|Any CPU = Release|Any CPU
	EndGlobalSection
	GlobalSection(ProjectConfigurationPlatforms) = postSolution
		{B2F91A36-7520-4A26-9510-C8FA7F7B72CC}.Debug|Any CPU.ActiveCfg = Debug|Any CPU
		{B2F91A36-7520-4A26-9510-C8FA7F7B72CC}.Debug|Any CPU.Build.0 = Debug|Any CPU
		{B2F91A36-7520-4A26-9510-C8FA7F7B72CC}.Release|Any CPU.ActiveCfg = Release|Any CPU
		{B2F91A36-7520-4A26-9510-C8FA7F7B72CC}.Release|Any CPU.Build.0 = Release|Any CPU
	EndGlobalSection
	GlobalSection(SolutionProperties) = preSolution
		HideSolutionNode = FALSE
	EndGlobalSection
	GlobalSection(ExtensibilityGlobals) = postSolution
		SolutionGuid = {3FE6594A-665C-4E4B-BF79-8089A2F230A0}
	EndGlobalSection
EndGlobal
