
Microsoft Visual Studio Solution File, Format Version 12.00
# Visual Studio Version 17
VisualStudioVersion = 17.9.34728.123
MinimumVisualStudioVersion = 10.0.40219.1
Project("{FAE04EC0-301F-11D3-BF4B-00C04F79EFBC}") = "Module11AssignmentHW", "Module11AssignmentHW.csproj", "{06CF4492-C18B-4C0A-B496-93004418D21B}"
EndProject
Global
	GlobalSection(SolutionConfigurationPlatforms) = preSolution
		Debug|Any CPU = Debug|Any CPU
		Release|Any CPU = Release|Any CPU
	EndGlobalSection
	GlobalSection(ProjectConfigurationPlatforms) = postSolution
		{06CF4492-C18B-4C0A-B496-93004418D21B}.Debug|Any CPU.ActiveCfg = Debug|Any CPU
		{06CF4492-C18B-4C0A-B496-93004418D21B}.Debug|Any CPU.Build.0 = Debug|Any CPU
		{06CF4492-C18B-4C0A-B496-93004418D21B}.Release|Any CPU.ActiveCfg = Release|Any CPU
		{06CF4492-C18B-4C0A-B496-93004418D21B}.Release|Any CPU.Build.0 = Release|Any CPU
	EndGlobalSection
	GlobalSection(SolutionProperties) = preSolution
		HideSolutionNode = FALSE
	EndGlobalSection
	GlobalSection(ExtensibilityGlobals) = postSolution
		SolutionGuid = {8E60F843-3BCE-454D-A547-3D7506E1CA04}
	EndGlobalSection
EndGlobal
