
Microsoft Visual Studio Solution File, Format Version 12.00
# Visual Studio Version 17
VisualStudioVersion = 17.8.34511.84
MinimumVisualStudioVersion = 10.0.40219.1
Project("{FAE04EC0-301F-11D3-BF4B-00C04F79EFBC}") = "Module4AssignmentHW", "Module4AssignmentHW\Module4AssignmentHW.csproj", "{50D3ADC7-D5CC-4C92-8B2D-14754D06391E}"
EndProject
Global
	GlobalSection(SolutionConfigurationPlatforms) = preSolution
		Debug|Any CPU = Debug|Any CPU
		Release|Any CPU = Release|Any CPU
	EndGlobalSection
	GlobalSection(ProjectConfigurationPlatforms) = postSolution
		{50D3ADC7-D5CC-4C92-8B2D-14754D06391E}.Debug|Any CPU.ActiveCfg = Debug|Any CPU
		{50D3ADC7-D5CC-4C92-8B2D-14754D06391E}.Debug|Any CPU.Build.0 = Debug|Any CPU
		{50D3ADC7-D5CC-4C92-8B2D-14754D06391E}.Release|Any CPU.ActiveCfg = Release|Any CPU
		{50D3ADC7-D5CC-4C92-8B2D-14754D06391E}.Release|Any CPU.Build.0 = Release|Any CPU
	EndGlobalSection
	GlobalSection(SolutionProperties) = preSolution
		HideSolutionNode = FALSE
	EndGlobalSection
	GlobalSection(ExtensibilityGlobals) = postSolution
		SolutionGuid = {FD89530C-1C68-4A27-9F45-969C17CC7F13}
	EndGlobalSection
EndGlobal
