
Microsoft Visual Studio Solution File, Format Version 12.00
# Visual Studio Version 17
VisualStudioVersion = 17.8.34511.84
MinimumVisualStudioVersion = 10.0.40219.1
Project("{FAE04EC0-301F-11D3-BF4B-00C04F79EFBC}") = "Module10Assignment", "Module10Assignment\Module10Assignment.csproj", "{30F5938A-E7F3-4509-AD33-4F483F19AF5D}"
EndProject
Global
	GlobalSection(SolutionConfigurationPlatforms) = preSolution
		Debug|Any CPU = Debug|Any CPU
		Release|Any CPU = Release|Any CPU
	EndGlobalSection
	GlobalSection(ProjectConfigurationPlatforms) = postSolution
		{30F5938A-E7F3-4509-AD33-4F483F19AF5D}.Debug|Any CPU.ActiveCfg = Debug|Any CPU
		{30F5938A-E7F3-4509-AD33-4F483F19AF5D}.Debug|Any CPU.Build.0 = Debug|Any CPU
		{30F5938A-E7F3-4509-AD33-4F483F19AF5D}.Release|Any CPU.ActiveCfg = Release|Any CPU
		{30F5938A-E7F3-4509-AD33-4F483F19AF5D}.Release|Any CPU.Build.0 = Release|Any CPU
	EndGlobalSection
	GlobalSection(SolutionProperties) = preSolution
		HideSolutionNode = FALSE
	EndGlobalSection
	GlobalSection(ExtensibilityGlobals) = postSolution
		SolutionGuid = {3B2F0101-29C4-4560-AB8E-73099D72BE02}
	EndGlobalSection
EndGlobal
