
Microsoft Visual Studio Solution File, Format Version 12.00
# Visual Studio Version 17
VisualStudioVersion = 17.8.34511.84
MinimumVisualStudioVersion = 10.0.40219.1
Project("{FAE04EC0-301F-11D3-BF4B-00C04F79EFBC}") = "Module3AssignmentHW", "Module3AssignmentHW\Module3AssignmentHW.csproj", "{DCF63AA9-B962-4779-B370-92B6FAC7737E}"
EndProject
Global
	GlobalSection(SolutionConfigurationPlatforms) = preSolution
		Debug|Any CPU = Debug|Any CPU
		Release|Any CPU = Release|Any CPU
	EndGlobalSection
	GlobalSection(ProjectConfigurationPlatforms) = postSolution
		{DCF63AA9-B962-4779-B370-92B6FAC7737E}.Debug|Any CPU.ActiveCfg = Debug|Any CPU
		{DCF63AA9-B962-4779-B370-92B6FAC7737E}.Debug|Any CPU.Build.0 = Debug|Any CPU
		{DCF63AA9-B962-4779-B370-92B6FAC7737E}.Release|Any CPU.ActiveCfg = Release|Any CPU
		{DCF63AA9-B962-4779-B370-92B6FAC7737E}.Release|Any CPU.Build.0 = Release|Any CPU
	EndGlobalSection
	GlobalSection(SolutionProperties) = preSolution
		HideSolutionNode = FALSE
	EndGlobalSection
	GlobalSection(ExtensibilityGlobals) = postSolution
		SolutionGuid = {00A047FA-70B1-4EDA-A652-EDA4041E6BDC}
	EndGlobalSection
EndGlobal
